
Microsoft Visual Studio Solution File, Format Version 12.00
# Visual Studio Version 16
VisualStudioVersion = 16.0.30523.141
MinimumVisualStudioVersion = 10.0.40219.1
Project("{8BC9CEB8-8B4A-11D0-8D11-00A0C91BC942}") = "полиномы", "полиномы\полиномы.vcxproj", "{C9BA4215-C0FE-474F-994A-338DE61A4A3B}"
EndProject
Global
	GlobalSection(SolutionConfigurationPlatforms) = preSolution
		Debug|x64 = Debug|x64
		Debug|x86 = Debug|x86
		Release|x64 = Release|x64
		Release|x86 = Release|x86
	EndGlobalSection
	GlobalSection(ProjectConfigurationPlatforms) = postSolution
		{C9BA4215-C0FE-474F-994A-338DE61A4A3B}.Debug|x64.ActiveCfg = Debug|x64
		{C9BA4215-C0FE-474F-994A-338DE61A4A3B}.Debug|x64.Build.0 = Debug|x64
		{C9BA4215-C0FE-474F-994A-338DE61A4A3B}.Debug|x86.ActiveCfg = Debug|Win32
		{C9BA4215-C0FE-474F-994A-338DE61A4A3B}.Debug|x86.Build.0 = Debug|Win32
		{C9BA4215-C0FE-474F-994A-338DE61A4A3B}.Release|x64.ActiveCfg = Release|x64
		{C9BA4215-C0FE-474F-994A-338DE61A4A3B}.Release|x64.Build.0 = Release|x64
		{C9BA4215-C0FE-474F-994A-338DE61A4A3B}.Release|x86.ActiveCfg = Release|Win32
		{C9BA4215-C0FE-474F-994A-338DE61A4A3B}.Release|x86.Build.0 = Release|Win32
	EndGlobalSection
	GlobalSection(SolutionProperties) = preSolution
		HideSolutionNode = FALSE
	EndGlobalSection
	GlobalSection(ExtensibilityGlobals) = postSolution
		SolutionGuid = {ABA9FE6C-3EBE-4D23-96B0-1FF0234FA625}
	EndGlobalSection
EndGlobal
